
Microsoft Visual Studio Solution File, Format Version 12.00
# Visual Studio Version 17
VisualStudioVersion = 17.0.32126.317
MinimumVisualStudioVersion = 10.0.40219.1
Project("{FAE04EC0-301F-11D3-BF4B-00C04F79EFBC}") = "ex33_changeArrayValueByIndex", "ex33_changeArrayValueByIndex.csproj", "{FFCEBF3A-6733-46C6-A7C1-97D7F5704AAD}"
EndProject
Global
	GlobalSection(SolutionConfigurationPlatforms) = preSolution
		Debug|Any CPU = Debug|Any CPU
		Release|Any CPU = Release|Any CPU
	EndGlobalSection
	GlobalSection(ProjectConfigurationPlatforms) = postSolution
		{FFCEBF3A-6733-46C6-A7C1-97D7F5704AAD}.Debug|Any CPU.ActiveCfg = Debug|Any CPU
		{FFCEBF3A-6733-46C6-A7C1-97D7F5704AAD}.Debug|Any CPU.Build.0 = Debug|Any CPU
		{FFCEBF3A-6733-46C6-A7C1-97D7F5704AAD}.Release|Any CPU.ActiveCfg = Release|Any CPU
		{FFCEBF3A-6733-46C6-A7C1-97D7F5704AAD}.Release|Any CPU.Build.0 = Release|Any CPU
	EndGlobalSection
	GlobalSection(SolutionProperties) = preSolution
		HideSolutionNode = FALSE
	EndGlobalSection
	GlobalSection(ExtensibilityGlobals) = postSolution
		SolutionGuid = {7EFB3D4A-B810-459E-B9E2-DA3FB9FFA807}
	EndGlobalSection
EndGlobal
